
Microsoft Visual Studio Solution File, Format Version 12.00
# Visual Studio 15
Project("{FAE04EC0-301F-11D3-BF4B-00C04F79EFBC}") = "Assembly-CSharp", "Assembly-CSharp.csproj", "{FCEFFD6C-945B-4DAD-A680-E33BEC0616B2}"
EndProject
Project("{FAE04EC0-301F-11D3-BF4B-00C04F79EFBC}") = "Assembly-CSharp-firstpass", "Assembly-CSharp-firstpass.csproj", "{2AB5FCFE-F5CF-396C-CDD2-8B7A22DEC73B}"
EndProject
Project("{FAE04EC0-301F-11D3-BF4B-00C04F79EFBC}") = "Assembly-CSharp-Editor-firstpass", "Assembly-CSharp-Editor-firstpass.csproj", "{999CFDFD-4420-9D5F-971D-A4AF9D03F1AE}"
EndProject
Global
	GlobalSection(SolutionConfigurationPlatforms) = preSolution
		Debug|Any CPU = Debug|Any CPU
		Release|Any CPU = Release|Any CPU
	EndGlobalSection
	GlobalSection(ProjectConfigurationPlatforms) = postSolution
		{FCEFFD6C-945B-4DAD-A680-E33BEC0616B2}.Debug|Any CPU.ActiveCfg = Debug|Any CPU
		{FCEFFD6C-945B-4DAD-A680-E33BEC0616B2}.Debug|Any CPU.Build.0 = Debug|Any CPU
		{FCEFFD6C-945B-4DAD-A680-E33BEC0616B2}.Release|Any CPU.ActiveCfg = Release|Any CPU
		{FCEFFD6C-945B-4DAD-A680-E33BEC0616B2}.Release|Any CPU.Build.0 = Release|Any CPU
		{2AB5FCFE-F5CF-396C-CDD2-8B7A22DEC73B}.Debug|Any CPU.ActiveCfg = Debug|Any CPU
		{2AB5FCFE-F5CF-396C-CDD2-8B7A22DEC73B}.Debug|Any CPU.Build.0 = Debug|Any CPU
		{2AB5FCFE-F5CF-396C-CDD2-8B7A22DEC73B}.Release|Any CPU.ActiveCfg = Release|Any CPU
		{2AB5FCFE-F5CF-396C-CDD2-8B7A22DEC73B}.Release|Any CPU.Build.0 = Release|Any CPU
		{999CFDFD-4420-9D5F-971D-A4AF9D03F1AE}.Debug|Any CPU.ActiveCfg = Debug|Any CPU
		{999CFDFD-4420-9D5F-971D-A4AF9D03F1AE}.Debug|Any CPU.Build.0 = Debug|Any CPU
		{999CFDFD-4420-9D5F-971D-A4AF9D03F1AE}.Release|Any CPU.ActiveCfg = Release|Any CPU
		{999CFDFD-4420-9D5F-971D-A4AF9D03F1AE}.Release|Any CPU.Build.0 = Release|Any CPU
	EndGlobalSection
	GlobalSection(SolutionProperties) = preSolution
		HideSolutionNode = FALSE
	EndGlobalSection
EndGlobal
